
Microsoft Visual Studio Solution File, Format Version 12.00
# Visual Studio Version 16
VisualStudioVersion = 16.0.29728.190
MinimumVisualStudioVersion = 10.0.40219.1
Project("{2150E333-8FDC-42A3-9474-1A3956D46DE8}") = "src", "src", "{C1117B7E-E65B-475F-AAE2-BE600492E1B4}"
EndProject
Project("{9A19103F-16F7-4668-BE54-9A1E7A4F7556}") = "DonateTo.ApplicationCore", "src\DonateTo.ApplicationCore\DonateTo.ApplicationCore.csproj", "{CED49C38-BDF6-41E7-BA41-1D67B439591E}"
EndProject
Project("{9A19103F-16F7-4668-BE54-9A1E7A4F7556}") = "DonateTo.Services", "src\DonateTo.Services\DonateTo.Services.csproj", "{FBB6E736-938B-4930-AFD0-F7B605EF9300}"
EndProject
Project("{9A19103F-16F7-4668-BE54-9A1E7A4F7556}") = "DonateTo.Infrastructure", "src\DonateTo.Infrastructure\DonateTo.Infrastructure.csproj", "{84A34DB3-37C3-4CFE-ABC5-7FA6ACEE562B}"
EndProject
Project("{9A19103F-16F7-4668-BE54-9A1E7A4F7556}") = "DonateTo.WebApi", "src\DonateTo.WebApi\DonateTo.WebApi.csproj", "{4C08425C-21AC-4ECA-87F4-DA2141510860}"
	ProjectSection(ProjectDependencies) = postProject
		{CED49C38-BDF6-41E7-BA41-1D67B439591E} = {CED49C38-BDF6-41E7-BA41-1D67B439591E}
	EndProjectSection
EndProject
Project("{9A19103F-16F7-4668-BE54-9A1E7A4F7556}") = "DonateTo.WebApplication", "src\DonateTo.WebApplication\DonateTo.WebApplication.csproj", "{B7CDD2F4-0141-4478-BF99-84364CD6096B}"
EndProject
Project("{2150E333-8FDC-42A3-9474-1A3956D46DE8}") = "test", "test", "{2DE916E0-E9D1-4544-9ED4-75757F2AA26E}"
EndProject
Project("{9A19103F-16F7-4668-BE54-9A1E7A4F7556}") = "DonateTo.UnitTests", "test\DonateTo.UnitTests\DonateTo.UnitTests.csproj", "{AB756B53-F64D-4687-B759-58DBCD3EC9DF}"
EndProject
Project("{9A19103F-16F7-4668-BE54-9A1E7A4F7556}") = "DonateTo.IdentityServer", "src\DonateTo.IdentityServer\DonateTo.IdentityServer.csproj", "{636155F7-16E6-45F5-85C9-1E529B06817B}"
EndProject
Project("{2150E333-8FDC-42A3-9474-1A3956D46DE8}") = "Solution Items", "Solution Items", "{3E96C7D4-2A8A-4813-9462-1D028721072A}"
	ProjectSection(SolutionItems) = preProject
		.editorconfig = .editorconfig
		ApplyMigrations.ps1 = ApplyMigrations.ps1
		azure-pipeline-identityserver.yml = azure-pipeline-identityserver.yml
		azure-pipeline-webapi.yml = azure-pipeline-webapi.yml
		azure-pipeline-webapplication.yml = azure-pipeline-webapplication.yml
		docker-compose.yml = docker-compose.yml
	EndProjectSection
EndProject
Project("{FAE04EC0-301F-11D3-BF4B-00C04F79EFBC}") = "DonateTo.Mailer", "DonateTo.Mailer\DonateTo.Mailer.csproj", "{6E0A9AD5-5B4B-466A-A900-F007506683F8}"
EndProject
Global
	GlobalSection(SolutionConfigurationPlatforms) = preSolution
		Debug|Any CPU = Debug|Any CPU
		Release|Any CPU = Release|Any CPU
	EndGlobalSection
	GlobalSection(ProjectConfigurationPlatforms) = postSolution
		{CED49C38-BDF6-41E7-BA41-1D67B439591E}.Debug|Any CPU.ActiveCfg = Debug|Any CPU
		{CED49C38-BDF6-41E7-BA41-1D67B439591E}.Debug|Any CPU.Build.0 = Debug|Any CPU
		{CED49C38-BDF6-41E7-BA41-1D67B439591E}.Release|Any CPU.ActiveCfg = Release|Any CPU
		{CED49C38-BDF6-41E7-BA41-1D67B439591E}.Release|Any CPU.Build.0 = Release|Any CPU
		{FBB6E736-938B-4930-AFD0-F7B605EF9300}.Debug|Any CPU.ActiveCfg = Debug|Any CPU
		{FBB6E736-938B-4930-AFD0-F7B605EF9300}.Debug|Any CPU.Build.0 = Debug|Any CPU
		{FBB6E736-938B-4930-AFD0-F7B605EF9300}.Release|Any CPU.ActiveCfg = Release|Any CPU
		{FBB6E736-938B-4930-AFD0-F7B605EF9300}.Release|Any CPU.Build.0 = Release|Any CPU
		{84A34DB3-37C3-4CFE-ABC5-7FA6ACEE562B}.Debug|Any CPU.ActiveCfg = Debug|Any CPU
		{84A34DB3-37C3-4CFE-ABC5-7FA6ACEE562B}.Debug|Any CPU.Build.0 = Debug|Any CPU
		{84A34DB3-37C3-4CFE-ABC5-7FA6ACEE562B}.Release|Any CPU.ActiveCfg = Release|Any CPU
		{84A34DB3-37C3-4CFE-ABC5-7FA6ACEE562B}.Release|Any CPU.Build.0 = Release|Any CPU
		{4C08425C-21AC-4ECA-87F4-DA2141510860}.Debug|Any CPU.ActiveCfg = Debug|Any CPU
		{4C08425C-21AC-4ECA-87F4-DA2141510860}.Debug|Any CPU.Build.0 = Debug|Any CPU
		{4C08425C-21AC-4ECA-87F4-DA2141510860}.Release|Any CPU.ActiveCfg = Release|Any CPU
		{4C08425C-21AC-4ECA-87F4-DA2141510860}.Release|Any CPU.Build.0 = Release|Any CPU
		{B7CDD2F4-0141-4478-BF99-84364CD6096B}.Debug|Any CPU.ActiveCfg = Debug|Any CPU
		{B7CDD2F4-0141-4478-BF99-84364CD6096B}.Debug|Any CPU.Build.0 = Debug|Any CPU
		{B7CDD2F4-0141-4478-BF99-84364CD6096B}.Release|Any CPU.ActiveCfg = Release|Any CPU
		{B7CDD2F4-0141-4478-BF99-84364CD6096B}.Release|Any CPU.Build.0 = Release|Any CPU
		{AB756B53-F64D-4687-B759-58DBCD3EC9DF}.Debug|Any CPU.ActiveCfg = Debug|Any CPU
		{AB756B53-F64D-4687-B759-58DBCD3EC9DF}.Debug|Any CPU.Build.0 = Debug|Any CPU
		{AB756B53-F64D-4687-B759-58DBCD3EC9DF}.Release|Any CPU.ActiveCfg = Release|Any CPU
		{AB756B53-F64D-4687-B759-58DBCD3EC9DF}.Release|Any CPU.Build.0 = Release|Any CPU
		{636155F7-16E6-45F5-85C9-1E529B06817B}.Debug|Any CPU.ActiveCfg = Debug|Any CPU
		{636155F7-16E6-45F5-85C9-1E529B06817B}.Debug|Any CPU.Build.0 = Debug|Any CPU
		{636155F7-16E6-45F5-85C9-1E529B06817B}.Release|Any CPU.ActiveCfg = Release|Any CPU
		{636155F7-16E6-45F5-85C9-1E529B06817B}.Release|Any CPU.Build.0 = Release|Any CPU
		{6E0A9AD5-5B4B-466A-A900-F007506683F8}.Debug|Any CPU.ActiveCfg = Debug|Any CPU
		{6E0A9AD5-5B4B-466A-A900-F007506683F8}.Debug|Any CPU.Build.0 = Debug|Any CPU
		{6E0A9AD5-5B4B-466A-A900-F007506683F8}.Release|Any CPU.ActiveCfg = Release|Any CPU
		{6E0A9AD5-5B4B-466A-A900-F007506683F8}.Release|Any CPU.Build.0 = Release|Any CPU
	EndGlobalSection
	GlobalSection(SolutionProperties) = preSolution
		HideSolutionNode = FALSE
	EndGlobalSection
	GlobalSection(NestedProjects) = preSolution
		{CED49C38-BDF6-41E7-BA41-1D67B439591E} = {C1117B7E-E65B-475F-AAE2-BE600492E1B4}
		{FBB6E736-938B-4930-AFD0-F7B605EF9300} = {C1117B7E-E65B-475F-AAE2-BE600492E1B4}
		{84A34DB3-37C3-4CFE-ABC5-7FA6ACEE562B} = {C1117B7E-E65B-475F-AAE2-BE600492E1B4}
		{4C08425C-21AC-4ECA-87F4-DA2141510860} = {C1117B7E-E65B-475F-AAE2-BE600492E1B4}
		{B7CDD2F4-0141-4478-BF99-84364CD6096B} = {C1117B7E-E65B-475F-AAE2-BE600492E1B4}
		{AB756B53-F64D-4687-B759-58DBCD3EC9DF} = {2DE916E0-E9D1-4544-9ED4-75757F2AA26E}
		{636155F7-16E6-45F5-85C9-1E529B06817B} = {C1117B7E-E65B-475F-AAE2-BE600492E1B4}
		{6E0A9AD5-5B4B-466A-A900-F007506683F8} = {C1117B7E-E65B-475F-AAE2-BE600492E1B4}
	EndGlobalSection
	GlobalSection(ExtensibilityGlobals) = postSolution
		SolutionGuid = {85DEEDE1-5E8B-4F35-B52D-9517F3EA260B}
	EndGlobalSection
EndGlobal
